
Microsoft Visual Studio Solution File, Format Version 12.00
# Visual Studio Version 17
VisualStudioVersion = 17.5.33424.131
MinimumVisualStudioVersion = 10.0.40219.1
Project("{FAE04EC0-301F-11D3-BF4B-00C04F79EFBC}") = "WpfApp1", "WpfApp1.csproj", "{EBD19931-042F-459E-BF48-BA2DE345C2FA}"
EndProject
Global
	GlobalSection(SolutionConfigurationPlatforms) = preSolution
		Debug|Any CPU = Debug|Any CPU
		Release|Any CPU = Release|Any CPU
	EndGlobalSection
	GlobalSection(ProjectConfigurationPlatforms) = postSolution
		{EBD19931-042F-459E-BF48-BA2DE345C2FA}.Debug|Any CPU.ActiveCfg = Debug|Any CPU
		{EBD19931-042F-459E-BF48-BA2DE345C2FA}.Debug|Any CPU.Build.0 = Debug|Any CPU
		{EBD19931-042F-459E-BF48-BA2DE345C2FA}.Release|Any CPU.ActiveCfg = Release|Any CPU
		{EBD19931-042F-459E-BF48-BA2DE345C2FA}.Release|Any CPU.Build.0 = Release|Any CPU
	EndGlobalSection
	GlobalSection(SolutionProperties) = preSolution
		HideSolutionNode = FALSE
	EndGlobalSection
	GlobalSection(ExtensibilityGlobals) = postSolution
		SolutionGuid = {CC7E11B2-7DD4-4B3C-B0E8-A2A083388B8F}
	EndGlobalSection
EndGlobal
